// !$*UTF8*$!
{
	archiveVersion = 1;
	classes = {
	};
	objectVersion = 55;
	objects = {

/* Begin PBXBuildFile section */
		3A3D854C27FDE01400F1227C /* AspectVGrid.swift in Sources */ = {isa = PBXBuildFile; fileRef = 3A3D854B27FDE01400F1227C /* AspectVGrid.swift */; };
		3A3D854E27FDFE8600F1227C /* Extention.swift in Sources */ = {isa = PBXBuildFile; fileRef = 3A3D854D27FDFE8600F1227C /* Extention.swift */; };
		3A5E0FEC27E7A5C700CABD05 /* SetApp.swift in Sources */ = {isa = PBXBuildFile; fileRef = 3A5E0FEB27E7A5C700CABD05 /* SetApp.swift */; };
		3A5E0FEE27E7A5C700CABD05 /* SetGameView.swift in Sources */ = {isa = PBXBuildFile; fileRef = 3A5E0FED27E7A5C700CABD05 /* SetGameView.swift */; };
		3A5E0FF027E7A5C900CABD05 /* Assets.xcassets in Resources */ = {isa = PBXBuildFile; fileRef = 3A5E0FEF27E7A5C900CABD05 /* Assets.xcassets */; };
		3A5E0FF327E7A5C900CABD05 /* Preview Assets.xcassets in Resources */ = {isa = PBXBuildFile; fileRef = 3A5E0FF227E7A5C900CABD05 /* Preview Assets.xcassets */; };
		3A5E0FFA27E7AE0100CABD05 /* Diamond.swift in Sources */ = {isa = PBXBuildFile; fileRef = 3A5E0FF927E7AE0100CABD05 /* Diamond.swift */; };
		3A5E0FFC27E7C2FA00CABD05 /* SetGame.swift in Sources */ = {isa = PBXBuildFile; fileRef = 3A5E0FFB27E7C2FA00CABD05 /* SetGame.swift */; };
		3A5E100027E7D79500CABD05 /* SoloSetGame.swift in Sources */ = {isa = PBXBuildFile; fileRef = 3A5E0FFF27E7D79500CABD05 /* SoloSetGame.swift */; };
		3A91BA2927FF59AE006D93B8 /* HStripe.swift in Sources */ = {isa = PBXBuildFile; fileRef = 3A91BA2727FF59AE006D93B8 /* HStripe.swift */; };
		3A91BA2A27FF59AE006D93B8 /* Squiggle.swift in Sources */ = {isa = PBXBuildFile; fileRef = 3A91BA2827FF59AE006D93B8 /* Squiggle.swift */; };
		3A91BA4F2800A6EF006D93B8 /* CardView.swift in Sources */ = {isa = PBXBuildFile; fileRef = 3A91BA4E2800A6EE006D93B8 /* CardView.swift */; };
/* End PBXBuildFile section */

/* Begin PBXFileReference section */
		3A3D854B27FDE01400F1227C /* AspectVGrid.swift */ = {isa = PBXFileReference; lastKnownFileType = sourcecode.swift; path = AspectVGrid.swift; sourceTree = "<group>"; };
		3A3D854D27FDFE8600F1227C /* Extention.swift */ = {isa = PBXFileReference; lastKnownFileType = sourcecode.swift; path = Extention.swift; sourceTree = "<group>"; };
		3A5E0FE827E7A5C700CABD05 /* Set.app */ = {isa = PBXFileReference; explicitFileType = wrapper.application; includeInIndex = 0; path = Set.app; sourceTree = BUILT_PRODUCTS_DIR; };
		3A5E0FEB27E7A5C700CABD05 /* SetApp.swift */ = {isa = PBXFileReference; lastKnownFileType = sourcecode.swift; path = SetApp.swift; sourceTree = "<group>"; };
		3A5E0FED27E7A5C700CABD05 /* SetGameView.swift */ = {isa = PBXFileReference; lastKnownFileType = sourcecode.swift; path = SetGameView.swift; sourceTree = "<group>"; };
		3A5E0FEF27E7A5C900CABD05 /* Assets.xcassets */ = {isa = PBXFileReference; lastKnownFileType = folder.assetcatalog; path = Assets.xcassets; sourceTree = "<group>"; };
		3A5E0FF227E7A5C900CABD05 /* Preview Assets.xcassets */ = {isa = PBXFileReference; lastKnownFileType = folder.assetcatalog; path = "Preview Assets.xcassets"; sourceTree = "<group>"; };
		3A5E0FF927E7AE0100CABD05 /* Diamond.swift */ = {isa = PBXFileReference; lastKnownFileType = sourcecode.swift; path = Diamond.swift; sourceTree = "<group>"; };
		3A5E0FFB27E7C2FA00CABD05 /* SetGame.swift */ = {isa = PBXFileReference; lastKnownFileType = sourcecode.swift; path = SetGame.swift; sourceTree = "<group>"; };
		3A5E0FFF27E7D79500CABD05 /* SoloSetGame.swift */ = {isa = PBXFileReference; lastKnownFileType = sourcecode.swift; path = SoloSetGame.swift; sourceTree = "<group>"; };
		3A91BA2727FF59AE006D93B8 /* HStripe.swift */ = {isa = PBXFileReference; fileEncoding = 4; lastKnownFileType = sourcecode.swift; path = HStripe.swift; sourceTree = "<group>"; };
		3A91BA2827FF59AE006D93B8 /* Squiggle.swift */ = {isa = PBXFileReference; fileEncoding = 4; lastKnownFileType = sourcecode.swift; path = Squiggle.swift; sourceTree = "<group>"; };
		3A91BA4E2800A6EE006D93B8 /* CardView.swift */ = {isa = PBXFileReference; lastKnownFileType = sourcecode.swift; path = CardView.swift; sourceTree = "<group>"; };
/* End PBXFileReference section */

/* Begin PBXFrameworksBuildPhase section */
		3A5E0FE527E7A5C700CABD05 /* Frameworks */ = {
			isa = PBXFrameworksBuildPhase;
			buildActionMask = 2147483647;
			files = (
			);
			runOnlyForDeploymentPostprocessing = 0;
		};
/* End PBXFrameworksBuildPhase section */

/* Begin PBXGroup section */
		3A5E0FDF27E7A5C700CABD05 = {
			isa = PBXGroup;
			children = (
				3A5E0FEA27E7A5C700CABD05 /* Set */,
				3A5E0FE927E7A5C700CABD05 /* Products */,
			);
			sourceTree = "<group>";
		};
		3A5E0FE927E7A5C700CABD05 /* Products */ = {
			isa = PBXGroup;
			children = (
				3A5E0FE827E7A5C700CABD05 /* Set.app */,
			);
			name = Products;
			sourceTree = "<group>";
		};
		3A5E0FEA27E7A5C700CABD05 /* Set */ = {
			isa = PBXGroup;
			children = (
				3A5E0FEB27E7A5C700CABD05 /* SetApp.swift */,
				3A5E0FFF27E7D79500CABD05 /* SoloSetGame.swift */,
				3A91BA2627FF5297006D93B8 /* Model */,
				3A91BA2527FF5285006D93B8 /* View */,
				3A3D854D27FDFE8600F1227C /* Extention.swift */,
				3A5E0FEF27E7A5C900CABD05 /* Assets.xcassets */,
				3A5E0FF127E7A5C900CABD05 /* Preview Content */,
			);
			path = Set;
			sourceTree = "<group>";
		};
		3A5E0FF127E7A5C900CABD05 /* Preview Content */ = {
			isa = PBXGroup;
			children = (
				3A5E0FF227E7A5C900CABD05 /* Preview Assets.xcassets */,
			);
			path = "Preview Content";
			sourceTree = "<group>";
		};
		3A91BA2527FF5285006D93B8 /* View */ = {
			isa = PBXGroup;
			children = (
				3A5E0FED27E7A5C700CABD05 /* SetGameView.swift */,
				3A91BA4E2800A6EE006D93B8 /* CardView.swift */,
				3A3D854B27FDE01400F1227C /* AspectVGrid.swift */,
				3A5E0FF927E7AE0100CABD05 /* Diamond.swift */,
				3A91BA2727FF59AE006D93B8 /* HStripe.swift */,
				3A91BA2827FF59AE006D93B8 /* Squiggle.swift */,
			);
			path = View;
			sourceTree = "<group>";
		};
		3A91BA2627FF5297006D93B8 /* Model */ = {
			isa = PBXGroup;
			children = (
				3A5E0FFB27E7C2FA00CABD05 /* SetGame.swift */,
			);
			path = Model;
			sourceTree = "<group>";
		};
/* End PBXGroup section */

/* Begin PBXNativeTarget section */
		3A5E0FE727E7A5C700CABD05 /* Set */ = {
			isa = PBXNativeTarget;
			buildConfigurationList = 3A5E0FF627E7A5C900CABD05 /* Build configuration list for PBXNativeTarget "Set" */;
			buildPhases = (
				3A5E0FE427E7A5C700CABD05 /* Sources */,
				3A5E0FE527E7A5C700CABD05 /* Frameworks */,
				3A5E0FE627E7A5C700CABD05 /* Resources */,
			);
			buildRules = (
			);
			dependencies = (
			);
			name = Set;
			productName = Set;
			productReference = 3A5E0FE827E7A5C700CABD05 /* Set.app */;
			productType = "com.apple.product-type.application";
		};
/* End PBXNativeTarget section */

/* Begin PBXProject section */
		3A5E0FE027E7A5C700CABD05 /* Project object */ = {
			isa = PBXProject;
			attributes = {
				BuildIndependentTargetsInParallel = 1;
				LastSwiftUpdateCheck = 1320;
				LastUpgradeCheck = 1320;
				TargetAttributes = {
					3A5E0FE727E7A5C700CABD05 = {
						CreatedOnToolsVersion = 13.2.1;
					};
				};
			};
			buildConfigurationList = 3A5E0FE327E7A5C700CABD05 /* Build configuration list for PBXProject "Set" */;
			compatibilityVersion = "Xcode 13.0";
			developmentRegion = en;
			hasScannedForEncodings = 0;
			knownRegions = (
				en,
				Base,
			);
			mainGroup = 3A5E0FDF27E7A5C700CABD05;
			productRefGroup = 3A5E0FE927E7A5C700CABD05 /* Products */;
			projectDirPath = "";
			projectRoot = "";
			targets = (
				3A5E0FE727E7A5C700CABD05 /* Set */,
			);
		};
/* End PBXProject section */

/* Begin PBXResourcesBuildPhase section */
		3A5E0FE627E7A5C700CABD05 /* Resources */ = {
			isa = PBXResourcesBuildPhase;
			buildActionMask = 2147483647;
			files = (
				3A5E0FF327E7A5C900CABD05 /* Preview Assets.xcassets in Resources */,
				3A5E0FF027E7A5C900CABD05 /* Assets.xcassets in Resources */,
			);
			runOnlyForDeploymentPostprocessing = 0;
		};
/* End PBXResourcesBuildPhase section */

/* Begin PBXSourcesBuildPhase section */
		3A5E0FE427E7A5C700CABD05 /* Sources */ = {
			isa = PBXSourcesBuildPhase;
			buildActionMask = 2147483647;
			files = (
				3A5E0FFA27E7AE0100CABD05 /* Diamond.swift in Sources */,
				3A3D854C27FDE01400F1227C /* AspectVGrid.swift in Sources */,
				3A5E0FEE27E7A5C700CABD05 /* SetGameView.swift in Sources */,
				3A91BA2A27FF59AE006D93B8 /* Squiggle.swift in Sources */,
				3A91BA4F2800A6EF006D93B8 /* CardView.swift in Sources */,
				3A5E0FFC27E7C2FA00CABD05 /* SetGame.swift in Sources */,
				3A5E0FEC27E7A5C700CABD05 /* SetApp.swift in Sources */,
				3A5E100027E7D79500CABD05 /* SoloSetGame.swift in Sources */,
				3A3D854E27FDFE8600F1227C /* Extention.swift in Sources */,
				3A91BA2927FF59AE006D93B8 /* HStripe.swift in Sources */,
			);
			runOnlyForDeploymentPostprocessing = 0;
		};
/* End PBXSourcesBuildPhase section */

/* Begin XCBuildConfiguration section */
		3A5E0FF427E7A5C900CABD05 /* Debug */ = {
			isa = XCBuildConfiguration;
			buildSettings = {
				ALWAYS_SEARCH_USER_PATHS = NO;
				CLANG_ANALYZER_NONNULL = YES;
				CLANG_ANALYZER_NUMBER_OBJECT_CONVERSION = YES_AGGRESSIVE;
				CLANG_CXX_LANGUAGE_STANDARD = "gnu++17";
				CLANG_CXX_LIBRARY = "libc++";
				CLANG_ENABLE_MODULES = YES;
				CLANG_ENABLE_OBJC_ARC = YES;
				CLANG_ENABLE_OBJC_WEAK = YES;
				CLANG_WARN_BLOCK_CAPTURE_AUTORELEASING = YES;
				CLANG_WARN_BOOL_CONVERSION = YES;
				CLANG_WARN_COMMA = YES;
				CLANG_WARN_CONSTANT_CONVERSION = YES;
				CLANG_WARN_DEPRECATED_OBJC_IMPLEMENTATIONS = YES;
				CLANG_WARN_DIRECT_OBJC_ISA_USAGE = YES_ERROR;
				CLANG_WARN_DOCUMENTATION_COMMENTS = YES;
				CLANG_WARN_EMPTY_BODY = YES;
				CLANG_WARN_ENUM_CONVERSION = YES;
				CLANG_WARN_INFINITE_RECURSION = YES;
				CLANG_WARN_INT_CONVERSION = YES;
				CLANG_WARN_NON_LITERAL_NULL_CONVERSION = YES;
				CLANG_WARN_OBJC_IMPLICIT_RETAIN_SELF = YES;
				CLANG_WARN_OBJC_LITERAL_CONVERSION = YES;
				CLANG_WARN_OBJC_ROOT_CLASS = YES_ERROR;
				CLANG_WARN_QUOTED_INCLUDE_IN_FRAMEWORK_HEADER = YES;
				CLANG_WARN_RANGE_LOOP_ANALYSIS = YES;
				CLANG_WARN_STRICT_PROTOTYPES = YES;
				CLANG_WARN_SUSPICIOUS_MOVE = YES;
				CLANG_WARN_UNGUARDED_AVAILABILITY = YES_AGGRESSIVE;
				CLANG_WARN_UNREACHABLE_CODE = YES;
				CLANG_WARN__DUPLICATE_METHOD_MATCH = YES;
				COPY_PHASE_STRIP = NO;
				DEBUG_INFORMATION_FORMAT = dwarf;
				ENABLE_STRICT_OBJC_MSGSEND = YES;
				ENABLE_TESTABILITY = YES;
				GCC_C_LANGUAGE_STANDARD = gnu11;
				GCC_DYNAMIC_NO_PIC = NO;
				GCC_NO_COMMON_BLOCKS = YES;
				GCC_OPTIMIZATION_LEVEL = 0;
				GCC_PREPROCESSOR_DEFINITIONS = (
					"DEBUG=1",
					"$(inherited)",
				);
				GCC_WARN_64_TO_32_BIT_CONVERSION = YES;
				GCC_WARN_ABOUT_RETURN_TYPE = YES_ERROR;
				GCC_WARN_UNDECLARED_SELECTOR = YES;
				GCC_WARN_UNINITIALIZED_AUTOS = YES_AGGRESSIVE;
				GCC_WARN_UNUSED_FUNCTION = YES;
				GCC_WARN_UNUSED_VARIABLE = YES;
				IPHONEOS_DEPLOYMENT_TARGET = 15.2;
				MTL_ENABLE_DEBUG_INFO = INCLUDE_SOURCE;
				MTL_FAST_MATH = YES;
				ONLY_ACTIVE_ARCH = YES;
				SDKROOT = iphoneos;
				SWIFT_ACTIVE_COMPILATION_CONDITIONS = DEBUG;
				SWIFT_OPTIMIZATION_LEVEL = "-Onone";
			};
			name = Debug;
		};
		3A5E0FF527E7A5C900CABD05 /* Release */ = {
			isa = XCBuildConfiguration;
			buildSettings = {
				ALWAYS_SEARCH_USER_PATHS = NO;
				CLANG_ANALYZER_NONNULL = YES;
				CLANG_ANALYZER_NUMBER_OBJECT_CONVERSION = YES_AGGRESSIVE;
				CLANG_CXX_LANGUAGE_STANDARD = "gnu++17";
				CLANG_CXX_LIBRARY = "libc++";
				CLANG_ENABLE_MODULES = YES;
				CLANG_ENABLE_OBJC_ARC = YES;
				CLANG_ENABLE_OBJC_WEAK = YES;
				CLANG_WARN_BLOCK_CAPTURE_AUTORELEASING = YES;
				CLANG_WARN_BOOL_CONVERSION = YES;
				CLANG_WARN_COMMA = YES;
				CLANG_WARN_CONSTANT_CONVERSION = YES;
				CLANG_WARN_DEPRECATED_OBJC_IMPLEMENTATIONS = YES;
				CLANG_WARN_DIRECT_OBJC_ISA_USAGE = YES_ERROR;
				CLANG_WARN_DOCUMENTATION_COMMENTS = YES;
				CLANG_WARN_EMPTY_BODY = YES;
				CLANG_WARN_ENUM_CONVERSION = YES;
				CLANG_WARN_INFINITE_RECURSION = YES;
				CLANG_WARN_INT_CONVERSION = YES;
				CLANG_WARN_NON_LITERAL_NULL_CONVERSION = YES;
				CLANG_WARN_OBJC_IMPLICIT_RETAIN_SELF = YES;
				CLANG_WARN_OBJC_LITERAL_CONVERSION = YES;
				CLANG_WARN_OBJC_ROOT_CLASS = YES_ERROR;
				CLANG_WARN_QUOTED_INCLUDE_IN_FRAMEWORK_HEADER = YES;
				CLANG_WARN_RANGE_LOOP_ANALYSIS = YES;
				CLANG_WARN_STRICT_PROTOTYPES = YES;
				CLANG_WARN_SUSPICIOUS_MOVE = YES;
				CLANG_WARN_UNGUARDED_AVAILABILITY = YES_AGGRESSIVE;
				CLANG_WARN_UNREACHABLE_CODE = YES;
				CLANG_WARN__DUPLICATE_METHOD_MATCH = YES;
				COPY_PHASE_STRIP = NO;
				DEBUG_INFORMATION_FORMAT = "dwarf-with-dsym";
				ENABLE_NS_ASSERTIONS = NO;
				ENABLE_STRICT_OBJC_MSGSEND = YES;
				GCC_C_LANGUAGE_STANDARD = gnu11;
				GCC_NO_COMMON_BLOCKS = YES;
				GCC_WARN_64_TO_32_BIT_CONVERSION = YES;
				GCC_WARN_ABOUT_RETURN_TYPE = YES_ERROR;
				GCC_WARN_UNDECLARED_SELECTOR = YES;
				GCC_WARN_UNINITIALIZED_AUTOS = YES_AGGRESSIVE;
				GCC_WARN_UNUSED_FUNCTION = YES;
				GCC_WARN_UNUSED_VARIABLE = YES;
				IPHONEOS_DEPLOYMENT_TARGET = 15.2;
				MTL_ENABLE_DEBUG_INFO = NO;
				MTL_FAST_MATH = YES;
				SDKROOT = iphoneos;
				SWIFT_COMPILATION_MODE = wholemodule;
				SWIFT_OPTIMIZATION_LEVEL = "-O";
				VALIDATE_PRODUCT = YES;
			};
			name = Release;
		};
		3A5E0FF727E7A5C900CABD05 /* Debug */ = {
			isa = XCBuildConfiguration;
			buildSettings = {
				ASSETCATALOG_COMPILER_APPICON_NAME = AppIcon;
				ASSETCATALOG_COMPILER_GLOBAL_ACCENT_COLOR_NAME = AccentColor;
				CODE_SIGN_STYLE = Automatic;
				CURRENT_PROJECT_VERSION = 1;
				DEVELOPMENT_ASSET_PATHS = "\"Set/Preview Content\"";
				DEVELOPMENT_TEAM = E9EMJG84C3;
				ENABLE_PREVIEWS = YES;
				GENERATE_INFOPLIST_FILE = YES;
				INFOPLIST_KEY_UIApplicationSceneManifest_Generation = YES;
				INFOPLIST_KEY_UIApplicationSupportsIndirectInputEvents = YES;
				INFOPLIST_KEY_UILaunchScreen_Generation = YES;
				INFOPLIST_KEY_UISupportedInterfaceOrientations_iPad = "UIInterfaceOrientationPortrait UIInterfaceOrientationPortraitUpsideDown UIInterfaceOrientationLandscapeLeft UIInterfaceOrientationLandscapeRight";
				INFOPLIST_KEY_UISupportedInterfaceOrientations_iPhone = "UIInterfaceOrientationPortrait UIInterfaceOrientationLandscapeLeft UIInterfaceOrientationLandscapeRight";
				LD_RUNPATH_SEARCH_PATHS = (
					"$(inherited)",
					"@executable_path/Frameworks",
				);
				MARKETING_VERSION = 1.0;
				PRODUCT_BUNDLE_IDENTIFIER = com.amanuelayele.Set;
				PRODUCT_NAME = "$(TARGET_NAME)";
				SWIFT_EMIT_LOC_STRINGS = YES;
				SWIFT_VERSION = 5.0;
				TARGETED_DEVICE_FAMILY = "1,2";
			};
			name = Debug;
		};
		3A5E0FF827E7A5C900CABD05 /* Release */ = {
			isa = XCBuildConfiguration;
			buildSettings = {
				ASSETCATALOG_COMPILER_APPICON_NAME = AppIcon;
				ASSETCATALOG_COMPILER_GLOBAL_ACCENT_COLOR_NAME = AccentColor;
				CODE_SIGN_STYLE = Automatic;
				CURRENT_PROJECT_VERSION = 1;
				DEVELOPMENT_ASSET_PATHS = "\"Set/Preview Content\"";
				DEVELOPMENT_TEAM = E9EMJG84C3;
				ENABLE_PREVIEWS = YES;
				GENERATE_INFOPLIST_FILE = YES;
				INFOPLIST_KEY_UIApplicationSceneManifest_Generation = YES;
				INFOPLIST_KEY_UIApplicationSupportsIndirectInputEvents = YES;
				INFOPLIST_KEY_UILaunchScreen_Generation = YES;
				INFOPLIST_KEY_UISupportedInterfaceOrientations_iPad = "UIInterfaceOrientationPortrait UIInterfaceOrientationPortraitUpsideDown UIInterfaceOrientationLandscapeLeft UIInterfaceOrientationLandscapeRight";
				INFOPLIST_KEY_UISupportedInterfaceOrientations_iPhone = "UIInterfaceOrientationPortrait UIInterfaceOrientationLandscapeLeft UIInterfaceOrientationLandscapeRight";
				IPHONEOS_DEPLOYMENT_TARGET = 15.0;
				LD_RUNPATH_SEARCH_PATHS = (
					"$(inherited)",
					"@executable_path/Frameworks",
				);
				MARKETING_VERSION = 1.0;
				PRODUCT_BUNDLE_IDENTIFIER = com.amanuelayele.Set;
				PRODUCT_NAME = "$(TARGET_NAME)";
				SWIFT_EMIT_LOC_STRINGS = YES;
				SWIFT_VERSION = 5.0;
				TARGETED_DEVICE_FAMILY = "1,2";
			};
			name = Release;
		};
/* End XCBuildConfiguration section */

/* Begin XCConfigurationList section */
		3A5E0FE327E7A5C700CABD05 /* Build configuration list for PBXProject "Set" */ = {
			isa = XCConfigurationList;
			buildConfigurations = (
				3A5E0FF427E7A5C900CABD05 /* Debug */,
				3A5E0FF527E7A5C900CABD05 /* Release */,
			);
			defaultConfigurationIsVisible = 0;
			defaultConfigurationName = Release;
		};
		3A5E0FF627E7A5C900CABD05 /* Build configuration list for PBXNativeTarget "Set" */ = {
			isa = XCConfigurationList;
			buildConfigurations = (
				3A5E0FF727E7A5C900CABD05 /* Debug */,
				3A5E0FF827E7A5C900CABD05 /* Release */,
			);
			defaultConfigurationIsVisible = 0;
			defaultConfigurationName = Release;
		};
/* End XCConfigurationList section */
	};
	rootObject = 3A5E0FE027E7A5C700CABD05 /* Project object */;
}
